
Microsoft Visual Studio Solution File, Format Version 12.00
# Visual Studio Version 16
VisualStudioVersion = 16.0.31624.102
MinimumVisualStudioVersion = 10.0.40219.1
Project("{FAE04EC0-301F-11D3-BF4B-00C04F79EFBC}") = "ConsoleApp2", "ConsoleApp2.csproj", "{153DDB4A-56A2-4090-9C8E-5EA0F570FB6C}"
EndProject
Global
	GlobalSection(SolutionConfigurationPlatforms) = preSolution
		Debug|Any CPU = Debug|Any CPU
		Release|Any CPU = Release|Any CPU
	EndGlobalSection
	GlobalSection(ProjectConfigurationPlatforms) = postSolution
		{153DDB4A-56A2-4090-9C8E-5EA0F570FB6C}.Debug|Any CPU.ActiveCfg = Debug|Any CPU
		{153DDB4A-56A2-4090-9C8E-5EA0F570FB6C}.Debug|Any CPU.Build.0 = Debug|Any CPU
		{153DDB4A-56A2-4090-9C8E-5EA0F570FB6C}.Release|Any CPU.ActiveCfg = Release|Any CPU
		{153DDB4A-56A2-4090-9C8E-5EA0F570FB6C}.Release|Any CPU.Build.0 = Release|Any CPU
	EndGlobalSection
	GlobalSection(SolutionProperties) = preSolution
		HideSolutionNode = FALSE
	EndGlobalSection
	GlobalSection(ExtensibilityGlobals) = postSolution
		SolutionGuid = {75429C8E-7719-41C1-B090-E950F993DAD4}
	EndGlobalSection
EndGlobal
